# Generated by pub
# See http://pub.dartlang.org/doc/glossary.html#lockfile
packages:
  async:
    description:
      name: async
      url: "https://pub.dartlang.org"
    source: hosted
    version: "1.13.3"
  charcode:
    description:
      name: charcode
      url: "https://pub.dartlang.org"
    source: hosted
    version: "1.1.1"
  collection:
    description:
      name: collection
      url: "https://pub.dartlang.org"
    source: hosted
    version: "1.14.1"
  flutter:
    description: flutter
    source: sdk
    version: "0.0.28-dev"
  http:
    description:
      name: http
      url: "https://pub.dartlang.org"
    source: hosted
    version: "0.11.3+13"
  http_parser:
    description:
      name: http_parser
      url: "https://pub.dartlang.org"
    source: hosted
    version: "3.1.1"
  intl:
    description:
      name: intl
      url: "https://pub.dartlang.org"
    source: hosted
    version: "0.14.0"
  meta:
    description:
      name: meta
      url: "https://pub.dartlang.org"
    source: hosted
    version: "1.0.5"
  path:
    description:
      name: path
      url: "https://pub.dartlang.org"
    source: hosted
    version: "1.4.2"
  path_provider:
    description:
      name: path_provider
      url: "https://pub.dartlang.org"
    source: hosted
    version: "0.2.1+1"
  sky_engine:
    description:
      path: "../../../../Projects/flutter/bin/cache/pkg/sky_engine"
      relative: true
    source: path
    version: "0.0.99"
  source_span:
    description:
      name: source_span
      url: "https://pub.dartlang.org"
    source: hosted
    version: "1.4.0"
  stack_trace:
    description:
      name: stack_trace
      url: "https://pub.dartlang.org"
    source: hosted
    version: "1.7.3"
  string_scanner:
    description:
      name: string_scanner
      url: "https://pub.dartlang.org"
    source: hosted
    version: "1.0.2"
  todo_shared:
    description:
      path: "../shared"
      relative: true
    source: path
    version: "0.0.1"
  typed_data:
    description:
      name: typed_data
      url: "https://pub.dartlang.org"
    source: hosted
    version: "1.1.3"
  vector_math:
    description:
      name: vector_math
      url: "https://pub.dartlang.org"
    source: hosted
    version: "2.0.4"
sdks:
  dart: ">=1.23.0-dev.0.0 <2.0.0"
